// !$*UTF8*$!
{
	archiveVersion = 1;
	classes = {
	};
	objectVersion = 50;
	objects = {

/* Begin PBXBuildFile section */
		AD6CDA4B24752F1000F56C6D /* AppDelegate.swift in Sources */ = {isa = PBXBuildFile; fileRef = AD6CDA4A24752F1000F56C6D /* AppDelegate.swift */; };
		AD6CDA4D24752F1000F56C6D /* SceneDelegate.swift in Sources */ = {isa = PBXBuildFile; fileRef = AD6CDA4C24752F1000F56C6D /* SceneDelegate.swift */; };
		AD6CDA5224752F1000F56C6D /* Main.storyboard in Resources */ = {isa = PBXBuildFile; fileRef = AD6CDA5024752F1000F56C6D /* Main.storyboard */; };
		AD6CDA5424752F1200F56C6D /* Assets.xcassets in Resources */ = {isa = PBXBuildFile; fileRef = AD6CDA5324752F1200F56C6D /* Assets.xcassets */; };
		AD6CDA5724752F1200F56C6D /* LaunchScreen.storyboard in Resources */ = {isa = PBXBuildFile; fileRef = AD6CDA5524752F1200F56C6D /* LaunchScreen.storyboard */; };
		AD6CDA5F24752F6000F56C6D /* MemoTableViewController.swift in Sources */ = {isa = PBXBuildFile; fileRef = AD6CDA5E24752F6000F56C6D /* MemoTableViewController.swift */; };
		AD6CDA6124752F7800F56C6D /* MemoViewController.swift in Sources */ = {isa = PBXBuildFile; fileRef = AD6CDA6024752F7800F56C6D /* MemoViewController.swift */; };
		AD877AFD247B6A2400487D62 /* TodoTableViewController.swift in Sources */ = {isa = PBXBuildFile; fileRef = AD877AFC247B6A2400487D62 /* TodoTableViewController.swift */; };
		AD877AFF247B6A3F00487D62 /* TodoViewController.swift in Sources */ = {isa = PBXBuildFile; fileRef = AD877AFE247B6A3F00487D62 /* TodoViewController.swift */; };
/* End PBXBuildFile section */

/* Begin PBXFileReference section */
		AD6CDA4724752F1000F56C6D /* MyMemo3.app */ = {isa = PBXFileReference; explicitFileType = wrapper.application; includeInIndex = 0; path = MyMemo3.app; sourceTree = BUILT_PRODUCTS_DIR; };
		AD6CDA4A24752F1000F56C6D /* AppDelegate.swift */ = {isa = PBXFileReference; lastKnownFileType = sourcecode.swift; path = AppDelegate.swift; sourceTree = "<group>"; };
		AD6CDA4C24752F1000F56C6D /* SceneDelegate.swift */ = {isa = PBXFileReference; lastKnownFileType = sourcecode.swift; path = SceneDelegate.swift; sourceTree = "<group>"; };
		AD6CDA5124752F1000F56C6D /* Base */ = {isa = PBXFileReference; lastKnownFileType = file.storyboard; name = Base; path = Base.lproj/Main.storyboard; sourceTree = "<group>"; };
		AD6CDA5324752F1200F56C6D /* Assets.xcassets */ = {isa = PBXFileReference; lastKnownFileType = folder.assetcatalog; path = Assets.xcassets; sourceTree = "<group>"; };
		AD6CDA5624752F1200F56C6D /* Base */ = {isa = PBXFileReference; lastKnownFileType = file.storyboard; name = Base; path = Base.lproj/LaunchScreen.storyboard; sourceTree = "<group>"; };
		AD6CDA5824752F1200F56C6D /* Info.plist */ = {isa = PBXFileReference; lastKnownFileType = text.plist.xml; path = Info.plist; sourceTree = "<group>"; };
		AD6CDA5E24752F6000F56C6D /* MemoTableViewController.swift */ = {isa = PBXFileReference; lastKnownFileType = sourcecode.swift; path = MemoTableViewController.swift; sourceTree = "<group>"; };
		AD6CDA6024752F7800F56C6D /* MemoViewController.swift */ = {isa = PBXFileReference; lastKnownFileType = sourcecode.swift; path = MemoViewController.swift; sourceTree = "<group>"; };
		AD877AFC247B6A2400487D62 /* TodoTableViewController.swift */ = {isa = PBXFileReference; lastKnownFileType = sourcecode.swift; path = TodoTableViewController.swift; sourceTree = "<group>"; };
		AD877AFE247B6A3F00487D62 /* TodoViewController.swift */ = {isa = PBXFileReference; lastKnownFileType = sourcecode.swift; path = TodoViewController.swift; sourceTree = "<group>"; };
/* End PBXFileReference section */

/* Begin PBXFrameworksBuildPhase section */
		AD6CDA4424752F1000F56C6D /* Frameworks */ = {
			isa = PBXFrameworksBuildPhase;
			buildActionMask = 2147483647;
			files = (
			);
			runOnlyForDeploymentPostprocessing = 0;
		};
/* End PBXFrameworksBuildPhase section */

/* Begin PBXGroup section */
		AD6CDA3E24752F1000F56C6D = {
			isa = PBXGroup;
			children = (
				AD6CDA4924752F1000F56C6D /* MyMemo3 */,
				AD6CDA4824752F1000F56C6D /* Products */,
			);
			sourceTree = "<group>";
		};
		AD6CDA4824752F1000F56C6D /* Products */ = {
			isa = PBXGroup;
			children = (
				AD6CDA4724752F1000F56C6D /* MyMemo3.app */,
			);
			name = Products;
			sourceTree = "<group>";
		};
		AD6CDA4924752F1000F56C6D /* MyMemo3 */ = {
			isa = PBXGroup;
			children = (
				AD6CDA4A24752F1000F56C6D /* AppDelegate.swift */,
				AD6CDA4C24752F1000F56C6D /* SceneDelegate.swift */,
				AD6CDA5024752F1000F56C6D /* Main.storyboard */,
				AD6CDA5324752F1200F56C6D /* Assets.xcassets */,
				AD6CDA5524752F1200F56C6D /* LaunchScreen.storyboard */,
				AD6CDA5824752F1200F56C6D /* Info.plist */,
				AD6CDA5E24752F6000F56C6D /* MemoTableViewController.swift */,
				AD6CDA6024752F7800F56C6D /* MemoViewController.swift */,
				AD877AFC247B6A2400487D62 /* TodoTableViewController.swift */,
				AD877AFE247B6A3F00487D62 /* TodoViewController.swift */,
			);
			path = MyMemo3;
			sourceTree = "<group>";
		};
/* End PBXGroup section */

/* Begin PBXNativeTarget section */
		AD6CDA4624752F1000F56C6D /* MyMemo3 */ = {
			isa = PBXNativeTarget;
			buildConfigurationList = AD6CDA5B24752F1200F56C6D /* Build configuration list for PBXNativeTarget "MyMemo3" */;
			buildPhases = (
				AD6CDA4324752F1000F56C6D /* Sources */,
				AD6CDA4424752F1000F56C6D /* Frameworks */,
				AD6CDA4524752F1000F56C6D /* Resources */,
			);
			buildRules = (
			);
			dependencies = (
			);
			name = MyMemo3;
			productName = MyMemo3;
			productReference = AD6CDA4724752F1000F56C6D /* MyMemo3.app */;
			productType = "com.apple.product-type.application";
		};
/* End PBXNativeTarget section */

/* Begin PBXProject section */
		AD6CDA3F24752F1000F56C6D /* Project object */ = {
			isa = PBXProject;
			attributes = {
				LastSwiftUpdateCheck = 1140;
				LastUpgradeCheck = 1140;
				ORGANIZATIONNAME = "Yoshiki Iwamoto";
				TargetAttributes = {
					AD6CDA4624752F1000F56C6D = {
						CreatedOnToolsVersion = 11.4.1;
					};
				};
			};
			buildConfigurationList = AD6CDA4224752F1000F56C6D /* Build configuration list for PBXProject "MyMemo3" */;
			compatibilityVersion = "Xcode 9.3";
			developmentRegion = en;
			hasScannedForEncodings = 0;
			knownRegions = (
				en,
				Base,
			);
			mainGroup = AD6CDA3E24752F1000F56C6D;
			productRefGroup = AD6CDA4824752F1000F56C6D /* Products */;
			projectDirPath = "";
			projectRoot = "";
			targets = (
				AD6CDA4624752F1000F56C6D /* MyMemo3 */,
			);
		};
/* End PBXProject section */

/* Begin PBXResourcesBuildPhase section */
		AD6CDA4524752F1000F56C6D /* Resources */ = {
			isa = PBXResourcesBuildPhase;
			buildActionMask = 2147483647;
			files = (
				AD6CDA5724752F1200F56C6D /* LaunchScreen.storyboard in Resources */,
				AD6CDA5424752F1200F56C6D /* Assets.xcassets in Resources */,
				AD6CDA5224752F1000F56C6D /* Main.storyboard in Resources */,
			);
			runOnlyForDeploymentPostprocessing = 0;
		};
/* End PBXResourcesBuildPhase section */

/* Begin PBXSourcesBuildPhase section */
		AD6CDA4324752F1000F56C6D /* Sources */ = {
			isa = PBXSourcesBuildPhase;
			buildActionMask = 2147483647;
			files = (
				AD6CDA6124752F7800F56C6D /* MemoViewController.swift in Sources */,
				AD877AFD247B6A2400487D62 /* TodoTableViewController.swift in Sources */,
				AD6CDA4B24752F1000F56C6D /* AppDelegate.swift in Sources */,
				AD6CDA4D24752F1000F56C6D /* SceneDelegate.swift in Sources */,
				AD877AFF247B6A3F00487D62 /* TodoViewController.swift in Sources */,
				AD6CDA5F24752F6000F56C6D /* MemoTableViewController.swift in Sources */,
			);
			runOnlyForDeploymentPostprocessing = 0;
		};
/* End PBXSourcesBuildPhase section */

/* Begin PBXVariantGroup section */
		AD6CDA5024752F1000F56C6D /* Main.storyboard */ = {
			isa = PBXVariantGroup;
			children = (
				AD6CDA5124752F1000F56C6D /* Base */,
			);
			name = Main.storyboard;
			sourceTree = "<group>";
		};
		AD6CDA5524752F1200F56C6D /* LaunchScreen.storyboard */ = {
			isa = PBXVariantGroup;
			children = (
				AD6CDA5624752F1200F56C6D /* Base */,
			);
			name = LaunchScreen.storyboard;
			sourceTree = "<group>";
		};
/* End PBXVariantGroup section */

/* Begin XCBuildConfiguration section */
		AD6CDA5924752F1200F56C6D /* Debug */ = {
			isa = XCBuildConfiguration;
			buildSettings = {
				ALWAYS_SEARCH_USER_PATHS = NO;
				CLANG_ANALYZER_NONNULL = YES;
				CLANG_ANALYZER_NUMBER_OBJECT_CONVERSION = YES_AGGRESSIVE;
				CLANG_CXX_LANGUAGE_STANDARD = "gnu++14";
				CLANG_CXX_LIBRARY = "libc++";
				CLANG_ENABLE_MODULES = YES;
				CLANG_ENABLE_OBJC_ARC = YES;
				CLANG_ENABLE_OBJC_WEAK = YES;
				CLANG_WARN_BLOCK_CAPTURE_AUTORELEASING = YES;
				CLANG_WARN_BOOL_CONVERSION = YES;
				CLANG_WARN_COMMA = YES;
				CLANG_WARN_CONSTANT_CONVERSION = YES;
				CLANG_WARN_DEPRECATED_OBJC_IMPLEMENTATIONS = YES;
				CLANG_WARN_DIRECT_OBJC_ISA_USAGE = YES_ERROR;
				CLANG_WARN_DOCUMENTATION_COMMENTS = YES;
				CLANG_WARN_EMPTY_BODY = YES;
				CLANG_WARN_ENUM_CONVERSION = YES;
				CLANG_WARN_INFINITE_RECURSION = YES;
				CLANG_WARN_INT_CONVERSION = YES;
				CLANG_WARN_NON_LITERAL_NULL_CONVERSION = YES;
				CLANG_WARN_OBJC_IMPLICIT_RETAIN_SELF = YES;
				CLANG_WARN_OBJC_LITERAL_CONVERSION = YES;
				CLANG_WARN_OBJC_ROOT_CLASS = YES_ERROR;
				CLANG_WARN_RANGE_LOOP_ANALYSIS = YES;
				CLANG_WARN_STRICT_PROTOTYPES = YES;
				CLANG_WARN_SUSPICIOUS_MOVE = YES;
				CLANG_WARN_UNGUARDED_AVAILABILITY = YES_AGGRESSIVE;
				CLANG_WARN_UNREACHABLE_CODE = YES;
				CLANG_WARN__DUPLICATE_METHOD_MATCH = YES;
				COPY_PHASE_STRIP = NO;
				DEBUG_INFORMATION_FORMAT = dwarf;
				ENABLE_STRICT_OBJC_MSGSEND = YES;
				ENABLE_TESTABILITY = YES;
				GCC_C_LANGUAGE_STANDARD = gnu11;
				GCC_DYNAMIC_NO_PIC = NO;
				GCC_NO_COMMON_BLOCKS = YES;
				GCC_OPTIMIZATION_LEVEL = 0;
				GCC_PREPROCESSOR_DEFINITIONS = (
					"DEBUG=1",
					"$(inherited)",
				);
				GCC_WARN_64_TO_32_BIT_CONVERSION = YES;
				GCC_WARN_ABOUT_RETURN_TYPE = YES_ERROR;
				GCC_WARN_UNDECLARED_SELECTOR = YES;
				GCC_WARN_UNINITIALIZED_AUTOS = YES_AGGRESSIVE;
				GCC_WARN_UNUSED_FUNCTION = YES;
				GCC_WARN_UNUSED_VARIABLE = YES;
				IPHONEOS_DEPLOYMENT_TARGET = 13.4;
				MTL_ENABLE_DEBUG_INFO = INCLUDE_SOURCE;
				MTL_FAST_MATH = YES;
				ONLY_ACTIVE_ARCH = YES;
				SDKROOT = iphoneos;
				SWIFT_ACTIVE_COMPILATION_CONDITIONS = DEBUG;
				SWIFT_OPTIMIZATION_LEVEL = "-Onone";
			};
			name = Debug;
		};
		AD6CDA5A24752F1200F56C6D /* Release */ = {
			isa = XCBuildConfiguration;
			buildSettings = {
				ALWAYS_SEARCH_USER_PATHS = NO;
				CLANG_ANALYZER_NONNULL = YES;
				CLANG_ANALYZER_NUMBER_OBJECT_CONVERSION = YES_AGGRESSIVE;
				CLANG_CXX_LANGUAGE_STANDARD = "gnu++14";
				CLANG_CXX_LIBRARY = "libc++";
				CLANG_ENABLE_MODULES = YES;
				CLANG_ENABLE_OBJC_ARC = YES;
				CLANG_ENABLE_OBJC_WEAK = YES;
				CLANG_WARN_BLOCK_CAPTURE_AUTORELEASING = YES;
				CLANG_WARN_BOOL_CONVERSION = YES;
				CLANG_WARN_COMMA = YES;
				CLANG_WARN_CONSTANT_CONVERSION = YES;
				CLANG_WARN_DEPRECATED_OBJC_IMPLEMENTATIONS = YES;
				CLANG_WARN_DIRECT_OBJC_ISA_USAGE = YES_ERROR;
				CLANG_WARN_DOCUMENTATION_COMMENTS = YES;
				CLANG_WARN_EMPTY_BODY = YES;
				CLANG_WARN_ENUM_CONVERSION = YES;
				CLANG_WARN_INFINITE_RECURSION = YES;
				CLANG_WARN_INT_CONVERSION = YES;
				CLANG_WARN_NON_LITERAL_NULL_CONVERSION = YES;
				CLANG_WARN_OBJC_IMPLICIT_RETAIN_SELF = YES;
				CLANG_WARN_OBJC_LITERAL_CONVERSION = YES;
				CLANG_WARN_OBJC_ROOT_CLASS = YES_ERROR;
				CLANG_WARN_RANGE_LOOP_ANALYSIS = YES;
				CLANG_WARN_STRICT_PROTOTYPES = YES;
				CLANG_WARN_SUSPICIOUS_MOVE = YES;
				CLANG_WARN_UNGUARDED_AVAILABILITY = YES_AGGRESSIVE;
				CLANG_WARN_UNREACHABLE_CODE = YES;
				CLANG_WARN__DUPLICATE_METHOD_MATCH = YES;
				COPY_PHASE_STRIP = NO;
				DEBUG_INFORMATION_FORMAT = "dwarf-with-dsym";
				ENABLE_NS_ASSERTIONS = NO;
				ENABLE_STRICT_OBJC_MSGSEND = YES;
				GCC_C_LANGUAGE_STANDARD = gnu11;
				GCC_NO_COMMON_BLOCKS = YES;
				GCC_WARN_64_TO_32_BIT_CONVERSION = YES;
				GCC_WARN_ABOUT_RETURN_TYPE = YES_ERROR;
				GCC_WARN_UNDECLARED_SELECTOR = YES;
				GCC_WARN_UNINITIALIZED_AUTOS = YES_AGGRESSIVE;
				GCC_WARN_UNUSED_FUNCTION = YES;
				GCC_WARN_UNUSED_VARIABLE = YES;
				IPHONEOS_DEPLOYMENT_TARGET = 13.4;
				MTL_ENABLE_DEBUG_INFO = NO;
				MTL_FAST_MATH = YES;
				SDKROOT = iphoneos;
				SWIFT_COMPILATION_MODE = wholemodule;
				SWIFT_OPTIMIZATION_LEVEL = "-O";
				VALIDATE_PRODUCT = YES;
			};
			name = Release;
		};
		AD6CDA5C24752F1200F56C6D /* Debug */ = {
			isa = XCBuildConfiguration;
			buildSettings = {
				ASSETCATALOG_COMPILER_APPICON_NAME = AppIcon;
				CODE_SIGN_STYLE = Automatic;
				INFOPLIST_FILE = MyMemo3/Info.plist;
				LD_RUNPATH_SEARCH_PATHS = (
					"$(inherited)",
					"@executable_path/Frameworks",
				);
				PRODUCT_BUNDLE_IDENTIFIER = com.yoshi.MyMemo3;
				PRODUCT_NAME = "$(TARGET_NAME)";
				SWIFT_VERSION = 5.0;
				TARGETED_DEVICE_FAMILY = "1,2";
			};
			name = Debug;
		};
		AD6CDA5D24752F1200F56C6D /* Release */ = {
			isa = XCBuildConfiguration;
			buildSettings = {
				ASSETCATALOG_COMPILER_APPICON_NAME = AppIcon;
				CODE_SIGN_STYLE = Automatic;
				INFOPLIST_FILE = MyMemo3/Info.plist;
				LD_RUNPATH_SEARCH_PATHS = (
					"$(inherited)",
					"@executable_path/Frameworks",
				);
				PRODUCT_BUNDLE_IDENTIFIER = com.yoshi.MyMemo3;
				PRODUCT_NAME = "$(TARGET_NAME)";
				SWIFT_VERSION = 5.0;
				TARGETED_DEVICE_FAMILY = "1,2";
			};
			name = Release;
		};
/* End XCBuildConfiguration section */

/* Begin XCConfigurationList section */
		AD6CDA4224752F1000F56C6D /* Build configuration list for PBXProject "MyMemo3" */ = {
			isa = XCConfigurationList;
			buildConfigurations = (
				AD6CDA5924752F1200F56C6D /* Debug */,
				AD6CDA5A24752F1200F56C6D /* Release */,
			);
			defaultConfigurationIsVisible = 0;
			defaultConfigurationName = Release;
		};
		AD6CDA5B24752F1200F56C6D /* Build configuration list for PBXNativeTarget "MyMemo3" */ = {
			isa = XCConfigurationList;
			buildConfigurations = (
				AD6CDA5C24752F1200F56C6D /* Debug */,
				AD6CDA5D24752F1200F56C6D /* Release */,
			);
			defaultConfigurationIsVisible = 0;
			defaultConfigurationName = Release;
		};
/* End XCConfigurationList section */
	};
	rootObject = AD6CDA3F24752F1000F56C6D /* Project object */;
}
